{
  "name": "alphatab",
  "version": "1.0.0",
  "lockfileVersion": 3,
  "requires": true,
  "packages": {
    "": {
      "name": "alphatab",
      "version": "1.0.0",
      "license": "ISC",
      "dependencies": {
        "@coderline/alphatab": "^1.8.2"
      }
    },
    "node_modules/@coderline/alphatab": {
      "version": "1.8.2",
      "resolved": "https://registry.npmjs.org/@coderline/alphatab/-/alphatab-1.8.2.tgz",
      "integrity": "sha512-Ab11m2IwCdOG+Wbzbv+v4pvJgJnNqw+UjIgKyaTu9TBTWfE7GlOuuElpswkQ2mLB6E4HcOX1FSBopMZdP41B5g==",
      "license": "MPL-2.0",
      "engines": {
        "node": ">=6.0.0"
      }
    }
  }
}
